
Microsoft Visual Studio Solution File, Format Version 12.00
# Visual Studio 15
VisualStudioVersion = 15.0.27428.2043
MinimumVisualStudioVersion = 10.0.40219.1
Project("{FAE04EC0-301F-11D3-BF4B-00C04F79EFBC}") = "Events.Web", "Events.Web\Events.Web.csproj", "{4A12EF44-ACE0-4A3D-957E-D6511E5C0577}"
EndProject
Project("{FAE04EC0-301F-11D3-BF4B-00C04F79EFBC}") = "Events.Data", "Events.Data\Events.Data.csproj", "{7E57FCDE-94F6-40C3-851A-9D497015993B}"
EndProject
Global
	GlobalSection(SolutionConfigurationPlatforms) = preSolution
		Debug|Any CPU = Debug|Any CPU
		Release|Any CPU = Release|Any CPU
	EndGlobalSection
	GlobalSection(ProjectConfigurationPlatforms) = postSolution
		{4A12EF44-ACE0-4A3D-957E-D6511E5C0577}.Debug|Any CPU.ActiveCfg = Debug|Any CPU
		{4A12EF44-ACE0-4A3D-957E-D6511E5C0577}.Debug|Any CPU.Build.0 = Debug|Any CPU
		{4A12EF44-ACE0-4A3D-957E-D6511E5C0577}.Release|Any CPU.ActiveCfg = Release|Any CPU
		{4A12EF44-ACE0-4A3D-957E-D6511E5C0577}.Release|Any CPU.Build.0 = Release|Any CPU
		{7E57FCDE-94F6-40C3-851A-9D497015993B}.Debug|Any CPU.ActiveCfg = Debug|Any CPU
		{7E57FCDE-94F6-40C3-851A-9D497015993B}.Debug|Any CPU.Build.0 = Debug|Any CPU
		{7E57FCDE-94F6-40C3-851A-9D497015993B}.Release|Any CPU.ActiveCfg = Release|Any CPU
		{7E57FCDE-94F6-40C3-851A-9D497015993B}.Release|Any CPU.Build.0 = Release|Any CPU
	EndGlobalSection
	GlobalSection(SolutionProperties) = preSolution
		HideSolutionNode = FALSE
	EndGlobalSection
	GlobalSection(ExtensibilityGlobals) = postSolution
		SolutionGuid = {03789B8B-C087-4F5F-B273-4DC0F17B9F9D}
	EndGlobalSection
EndGlobal
